// !$*UTF8*$!
{
	archiveVersion = 1;
	classes = {
	};
	objectVersion = 50;
	objects = {

/* Begin PBXBuildFile section */
		D3330AE856F6D7B2F35F951E /* Pods_FlixsterTests.framework in Frameworks */ = {isa = PBXBuildFile; fileRef = F90E6727EB1303F9A3D1FEE6 /* Pods_FlixsterTests.framework */; };
		E1408CC5FC62BEA32EFC8CF5 /* Pods_Flixster.framework in Frameworks */ = {isa = PBXBuildFile; fileRef = 9FBE49905DBA3D98CEAC9634 /* Pods_Flixster.framework */; };
		EF95758A00125DFEB8825B7A /* Pods_Flixster_FlixsterUITests.framework in Frameworks */ = {isa = PBXBuildFile; fileRef = AB3393777F6549AB5C44D312 /* Pods_Flixster_FlixsterUITests.framework */; };
		FA3D5B5E23DA5DEA00F8E2C7 /* AppDelegate.swift in Sources */ = {isa = PBXBuildFile; fileRef = FA3D5B5D23DA5DEA00F8E2C7 /* AppDelegate.swift */; };
		FA3D5B6023DA5DEA00F8E2C7 /* SceneDelegate.swift in Sources */ = {isa = PBXBuildFile; fileRef = FA3D5B5F23DA5DEA00F8E2C7 /* SceneDelegate.swift */; };
		FA3D5B6523DA5DEA00F8E2C7 /* Main.storyboard in Resources */ = {isa = PBXBuildFile; fileRef = FA3D5B6323DA5DEA00F8E2C7 /* Main.storyboard */; };
		FA3D5B6723DA5DEC00F8E2C7 /* Assets.xcassets in Resources */ = {isa = PBXBuildFile; fileRef = FA3D5B6623DA5DEC00F8E2C7 /* Assets.xcassets */; };
		FA3D5B6A23DA5DEC00F8E2C7 /* LaunchScreen.storyboard in Resources */ = {isa = PBXBuildFile; fileRef = FA3D5B6823DA5DEC00F8E2C7 /* LaunchScreen.storyboard */; };
		FA3D5B7523DA5DED00F8E2C7 /* FlixsterTests.swift in Sources */ = {isa = PBXBuildFile; fileRef = FA3D5B7423DA5DED00F8E2C7 /* FlixsterTests.swift */; };
		FA3D5B8023DA5DED00F8E2C7 /* FlixsterUITests.swift in Sources */ = {isa = PBXBuildFile; fileRef = FA3D5B7F23DA5DED00F8E2C7 /* FlixsterUITests.swift */; };
		FA3D5BCC23DE847900F8E2C7 /* MoviesViewController.swift in Sources */ = {isa = PBXBuildFile; fileRef = FA3D5BCB23DE847900F8E2C7 /* MoviesViewController.swift */; };
		FA3D5BCE23DE933100F8E2C7 /* MovieCell.swift in Sources */ = {isa = PBXBuildFile; fileRef = FA3D5BCD23DE933100F8E2C7 /* MovieCell.swift */; };
/* End PBXBuildFile section */

/* Begin PBXContainerItemProxy section */
		FA3D5B7123DA5DED00F8E2C7 /* PBXContainerItemProxy */ = {
			isa = PBXContainerItemProxy;
			containerPortal = FA3D5B5223DA5DEA00F8E2C7 /* Project object */;
			proxyType = 1;
			remoteGlobalIDString = FA3D5B5923DA5DEA00F8E2C7;
			remoteInfo = Flixster;
		};
		FA3D5B7C23DA5DED00F8E2C7 /* PBXContainerItemProxy */ = {
			isa = PBXContainerItemProxy;
			containerPortal = FA3D5B5223DA5DEA00F8E2C7 /* Project object */;
			proxyType = 1;
			remoteGlobalIDString = FA3D5B5923DA5DEA00F8E2C7;
			remoteInfo = Flixster;
		};
/* End PBXContainerItemProxy section */

/* Begin PBXFileReference section */
		140E8A0CAB86FA19DE51624D /* Pods-Flixster.debug.xcconfig */ = {isa = PBXFileReference; includeInIndex = 1; lastKnownFileType = text.xcconfig; name = "Pods-Flixster.debug.xcconfig"; path = "Target Support Files/Pods-Flixster/Pods-Flixster.debug.xcconfig"; sourceTree = "<group>"; };
		3772D67D833AD735D3461AF8 /* Pods-FlixsterTests.release.xcconfig */ = {isa = PBXFileReference; includeInIndex = 1; lastKnownFileType = text.xcconfig; name = "Pods-FlixsterTests.release.xcconfig"; path = "Target Support Files/Pods-FlixsterTests/Pods-FlixsterTests.release.xcconfig"; sourceTree = "<group>"; };
		3954CA990937E22CEFD2DBDF /* Pods-Flixster-FlixsterUITests.debug.xcconfig */ = {isa = PBXFileReference; includeInIndex = 1; lastKnownFileType = text.xcconfig; name = "Pods-Flixster-FlixsterUITests.debug.xcconfig"; path = "Target Support Files/Pods-Flixster-FlixsterUITests/Pods-Flixster-FlixsterUITests.debug.xcconfig"; sourceTree = "<group>"; };
		7BE7B66A76933EAE9CFB2759 /* Pods-Flixster-FlixsterUITests.release.xcconfig */ = {isa = PBXFileReference; includeInIndex = 1; lastKnownFileType = text.xcconfig; name = "Pods-Flixster-FlixsterUITests.release.xcconfig"; path = "Target Support Files/Pods-Flixster-FlixsterUITests/Pods-Flixster-FlixsterUITests.release.xcconfig"; sourceTree = "<group>"; };
		80D09BCCBC62D13D95E69BB8 /* Pods-FlixsterTests.debug.xcconfig */ = {isa = PBXFileReference; includeInIndex = 1; lastKnownFileType = text.xcconfig; name = "Pods-FlixsterTests.debug.xcconfig"; path = "Target Support Files/Pods-FlixsterTests/Pods-FlixsterTests.debug.xcconfig"; sourceTree = "<group>"; };
		9FBE49905DBA3D98CEAC9634 /* Pods_Flixster.framework */ = {isa = PBXFileReference; explicitFileType = wrapper.framework; includeInIndex = 0; path = Pods_Flixster.framework; sourceTree = BUILT_PRODUCTS_DIR; };
		AB3393777F6549AB5C44D312 /* Pods_Flixster_FlixsterUITests.framework */ = {isa = PBXFileReference; explicitFileType = wrapper.framework; includeInIndex = 0; path = Pods_Flixster_FlixsterUITests.framework; sourceTree = BUILT_PRODUCTS_DIR; };
		EF1DD412E9D6A42532CC6A63 /* Pods-Flixster.release.xcconfig */ = {isa = PBXFileReference; includeInIndex = 1; lastKnownFileType = text.xcconfig; name = "Pods-Flixster.release.xcconfig"; path = "Target Support Files/Pods-Flixster/Pods-Flixster.release.xcconfig"; sourceTree = "<group>"; };
		F90E6727EB1303F9A3D1FEE6 /* Pods_FlixsterTests.framework */ = {isa = PBXFileReference; explicitFileType = wrapper.framework; includeInIndex = 0; path = Pods_FlixsterTests.framework; sourceTree = BUILT_PRODUCTS_DIR; };
		FA3D5B5A23DA5DEA00F8E2C7 /* Flixster.app */ = {isa = PBXFileReference; explicitFileType = wrapper.application; includeInIndex = 0; path = Flixster.app; sourceTree = BUILT_PRODUCTS_DIR; };
		FA3D5B5D23DA5DEA00F8E2C7 /* AppDelegate.swift */ = {isa = PBXFileReference; lastKnownFileType = sourcecode.swift; path = AppDelegate.swift; sourceTree = "<group>"; };
		FA3D5B5F23DA5DEA00F8E2C7 /* SceneDelegate.swift */ = {isa = PBXFileReference; lastKnownFileType = sourcecode.swift; path = SceneDelegate.swift; sourceTree = "<group>"; };
		FA3D5B6423DA5DEA00F8E2C7 /* Base */ = {isa = PBXFileReference; lastKnownFileType = file.storyboard; name = Base; path = Base.lproj/Main.storyboard; sourceTree = "<group>"; };
		FA3D5B6623DA5DEC00F8E2C7 /* Assets.xcassets */ = {isa = PBXFileReference; lastKnownFileType = folder.assetcatalog; path = Assets.xcassets; sourceTree = "<group>"; };
		FA3D5B6923DA5DEC00F8E2C7 /* Base */ = {isa = PBXFileReference; lastKnownFileType = file.storyboard; name = Base; path = Base.lproj/LaunchScreen.storyboard; sourceTree = "<group>"; };
		FA3D5B6B23DA5DEC00F8E2C7 /* Info.plist */ = {isa = PBXFileReference; lastKnownFileType = text.plist.xml; path = Info.plist; sourceTree = "<group>"; };
		FA3D5B7023DA5DED00F8E2C7 /* FlixsterTests.xctest */ = {isa = PBXFileReference; explicitFileType = wrapper.cfbundle; includeInIndex = 0; path = FlixsterTests.xctest; sourceTree = BUILT_PRODUCTS_DIR; };
		FA3D5B7423DA5DED00F8E2C7 /* FlixsterTests.swift */ = {isa = PBXFileReference; lastKnownFileType = sourcecode.swift; path = FlixsterTests.swift; sourceTree = "<group>"; };
		FA3D5B7623DA5DED00F8E2C7 /* Info.plist */ = {isa = PBXFileReference; lastKnownFileType = text.plist.xml; path = Info.plist; sourceTree = "<group>"; };
		FA3D5B7B23DA5DED00F8E2C7 /* FlixsterUITests.xctest */ = {isa = PBXFileReference; explicitFileType = wrapper.cfbundle; includeInIndex = 0; path = FlixsterUITests.xctest; sourceTree = BUILT_PRODUCTS_DIR; };
		FA3D5B7F23DA5DED00F8E2C7 /* FlixsterUITests.swift */ = {isa = PBXFileReference; lastKnownFileType = sourcecode.swift; path = FlixsterUITests.swift; sourceTree = "<group>"; };
		FA3D5B8123DA5DED00F8E2C7 /* Info.plist */ = {isa = PBXFileReference; lastKnownFileType = text.plist.xml; path = Info.plist; sourceTree = "<group>"; };
		FA3D5BCB23DE847900F8E2C7 /* MoviesViewController.swift */ = {isa = PBXFileReference; lastKnownFileType = sourcecode.swift; path = MoviesViewController.swift; sourceTree = "<group>"; };
		FA3D5BCD23DE933100F8E2C7 /* MovieCell.swift */ = {isa = PBXFileReference; lastKnownFileType = sourcecode.swift; path = MovieCell.swift; sourceTree = "<group>"; };
/* End PBXFileReference section */

/* Begin PBXFrameworksBuildPhase section */
		FA3D5B5723DA5DEA00F8E2C7 /* Frameworks */ = {
			isa = PBXFrameworksBuildPhase;
			buildActionMask = 2147483647;
			files = (
				E1408CC5FC62BEA32EFC8CF5 /* Pods_Flixster.framework in Frameworks */,
			);
			runOnlyForDeploymentPostprocessing = 0;
		};
		FA3D5B6D23DA5DED00F8E2C7 /* Frameworks */ = {
			isa = PBXFrameworksBuildPhase;
			buildActionMask = 2147483647;
			files = (
				D3330AE856F6D7B2F35F951E /* Pods_FlixsterTests.framework in Frameworks */,
			);
			runOnlyForDeploymentPostprocessing = 0;
		};
		FA3D5B7823DA5DED00F8E2C7 /* Frameworks */ = {
			isa = PBXFrameworksBuildPhase;
			buildActionMask = 2147483647;
			files = (
				EF95758A00125DFEB8825B7A /* Pods_Flixster_FlixsterUITests.framework in Frameworks */,
			);
			runOnlyForDeploymentPostprocessing = 0;
		};
/* End PBXFrameworksBuildPhase section */

/* Begin PBXGroup section */
		D6638CE5432EE0D79AEA9B72 /* Frameworks */ = {
			isa = PBXGroup;
			children = (
				9FBE49905DBA3D98CEAC9634 /* Pods_Flixster.framework */,
				AB3393777F6549AB5C44D312 /* Pods_Flixster_FlixsterUITests.framework */,
				F90E6727EB1303F9A3D1FEE6 /* Pods_FlixsterTests.framework */,
			);
			name = Frameworks;
			sourceTree = "<group>";
		};
		E7C839D73604B639433A5C38 /* Pods */ = {
			isa = PBXGroup;
			children = (
				140E8A0CAB86FA19DE51624D /* Pods-Flixster.debug.xcconfig */,
				EF1DD412E9D6A42532CC6A63 /* Pods-Flixster.release.xcconfig */,
				3954CA990937E22CEFD2DBDF /* Pods-Flixster-FlixsterUITests.debug.xcconfig */,
				7BE7B66A76933EAE9CFB2759 /* Pods-Flixster-FlixsterUITests.release.xcconfig */,
				80D09BCCBC62D13D95E69BB8 /* Pods-FlixsterTests.debug.xcconfig */,
				3772D67D833AD735D3461AF8 /* Pods-FlixsterTests.release.xcconfig */,
			);
			name = Pods;
			path = Pods;
			sourceTree = "<group>";
		};
		FA3D5B5123DA5DEA00F8E2C7 = {
			isa = PBXGroup;
			children = (
				FA3D5B5C23DA5DEA00F8E2C7 /* Flixster */,
				FA3D5B7323DA5DED00F8E2C7 /* FlixsterTests */,
				FA3D5B7E23DA5DED00F8E2C7 /* FlixsterUITests */,
				FA3D5B5B23DA5DEA00F8E2C7 /* Products */,
				E7C839D73604B639433A5C38 /* Pods */,
				D6638CE5432EE0D79AEA9B72 /* Frameworks */,
			);
			sourceTree = "<group>";
		};
		FA3D5B5B23DA5DEA00F8E2C7 /* Products */ = {
			isa = PBXGroup;
			children = (
				FA3D5B5A23DA5DEA00F8E2C7 /* Flixster.app */,
				FA3D5B7023DA5DED00F8E2C7 /* FlixsterTests.xctest */,
				FA3D5B7B23DA5DED00F8E2C7 /* FlixsterUITests.xctest */,
			);
			name = Products;
			sourceTree = "<group>";
		};
		FA3D5B5C23DA5DEA00F8E2C7 /* Flixster */ = {
			isa = PBXGroup;
			children = (
				FA3D5B5D23DA5DEA00F8E2C7 /* AppDelegate.swift */,
				FA3D5B5F23DA5DEA00F8E2C7 /* SceneDelegate.swift */,
				FA3D5B6323DA5DEA00F8E2C7 /* Main.storyboard */,
				FA3D5B6623DA5DEC00F8E2C7 /* Assets.xcassets */,
				FA3D5B6823DA5DEC00F8E2C7 /* LaunchScreen.storyboard */,
				FA3D5B6B23DA5DEC00F8E2C7 /* Info.plist */,
				FA3D5BCB23DE847900F8E2C7 /* MoviesViewController.swift */,
				FA3D5BCD23DE933100F8E2C7 /* MovieCell.swift */,
			);
			path = Flixster;
			sourceTree = "<group>";
		};
		FA3D5B7323DA5DED00F8E2C7 /* FlixsterTests */ = {
			isa = PBXGroup;
			children = (
				FA3D5B7423DA5DED00F8E2C7 /* FlixsterTests.swift */,
				FA3D5B7623DA5DED00F8E2C7 /* Info.plist */,
			);
			path = FlixsterTests;
			sourceTree = "<group>";
		};
		FA3D5B7E23DA5DED00F8E2C7 /* FlixsterUITests */ = {
			isa = PBXGroup;
			children = (
				FA3D5B7F23DA5DED00F8E2C7 /* FlixsterUITests.swift */,
				FA3D5B8123DA5DED00F8E2C7 /* Info.plist */,
			);
			path = FlixsterUITests;
			sourceTree = "<group>";
		};
/* End PBXGroup section */

/* Begin PBXNativeTarget section */
		FA3D5B5923DA5DEA00F8E2C7 /* Flixster */ = {
			isa = PBXNativeTarget;
			buildConfigurationList = FA3D5B8423DA5DED00F8E2C7 /* Build configuration list for PBXNativeTarget "Flixster" */;
			buildPhases = (
				532B12DB314FF221A7C5460A /* [CP] Check Pods Manifest.lock */,
				FA3D5B5623DA5DEA00F8E2C7 /* Sources */,
				FA3D5B5723DA5DEA00F8E2C7 /* Frameworks */,
				FA3D5B5823DA5DEA00F8E2C7 /* Resources */,
				74D3A36435B7BDC0E356AFCF /* [CP] Embed Pods Frameworks */,
			);
			buildRules = (
			);
			dependencies = (
			);
			name = Flixster;
			productName = Flixster;
			productReference = FA3D5B5A23DA5DEA00F8E2C7 /* Flixster.app */;
			productType = "com.apple.product-type.application";
		};
		FA3D5B6F23DA5DED00F8E2C7 /* FlixsterTests */ = {
			isa = PBXNativeTarget;
			buildConfigurationList = FA3D5B8723DA5DED00F8E2C7 /* Build configuration list for PBXNativeTarget "FlixsterTests" */;
			buildPhases = (
				8758BF7C337A9CA5E596A52A /* [CP] Check Pods Manifest.lock */,
				FA3D5B6C23DA5DED00F8E2C7 /* Sources */,
				FA3D5B6D23DA5DED00F8E2C7 /* Frameworks */,
				FA3D5B6E23DA5DED00F8E2C7 /* Resources */,
			);
			buildRules = (
			);
			dependencies = (
				FA3D5B7223DA5DED00F8E2C7 /* PBXTargetDependency */,
			);
			name = FlixsterTests;
			productName = FlixsterTests;
			productReference = FA3D5B7023DA5DED00F8E2C7 /* FlixsterTests.xctest */;
			productType = "com.apple.product-type.bundle.unit-test";
		};
		FA3D5B7A23DA5DED00F8E2C7 /* FlixsterUITests */ = {
			isa = PBXNativeTarget;
			buildConfigurationList = FA3D5B8A23DA5DED00F8E2C7 /* Build configuration list for PBXNativeTarget "FlixsterUITests" */;
			buildPhases = (
				82766EE1B623261FB582B05E /* [CP] Check Pods Manifest.lock */,
				FA3D5B7723DA5DED00F8E2C7 /* Sources */,
				FA3D5B7823DA5DED00F8E2C7 /* Frameworks */,
				FA3D5B7923DA5DED00F8E2C7 /* Resources */,
				464BCEDC0B8256E9615AD9C7 /* [CP] Embed Pods Frameworks */,
			);
			buildRules = (
			);
			dependencies = (
				FA3D5B7D23DA5DED00F8E2C7 /* PBXTargetDependency */,
			);
			name = FlixsterUITests;
			productName = FlixsterUITests;
			productReference = FA3D5B7B23DA5DED00F8E2C7 /* FlixsterUITests.xctest */;
			productType = "com.apple.product-type.bundle.ui-testing";
		};
/* End PBXNativeTarget section */

/* Begin PBXProject section */
		FA3D5B5223DA5DEA00F8E2C7 /* Project object */ = {
			isa = PBXProject;
			attributes = {
				LastSwiftUpdateCheck = 1130;
				LastUpgradeCheck = 1130;
				ORGANIZATIONNAME = "Alex Trejo";
				TargetAttributes = {
					FA3D5B5923DA5DEA00F8E2C7 = {
						CreatedOnToolsVersion = 11.3.1;
					};
					FA3D5B6F23DA5DED00F8E2C7 = {
						CreatedOnToolsVersion = 11.3.1;
						TestTargetID = FA3D5B5923DA5DEA00F8E2C7;
					};
					FA3D5B7A23DA5DED00F8E2C7 = {
						CreatedOnToolsVersion = 11.3.1;
						TestTargetID = FA3D5B5923DA5DEA00F8E2C7;
					};
				};
			};
			buildConfigurationList = FA3D5B5523DA5DEA00F8E2C7 /* Build configuration list for PBXProject "Flixster" */;
			compatibilityVersion = "Xcode 9.3";
			developmentRegion = en;
			hasScannedForEncodings = 0;
			knownRegions = (
				en,
				Base,
			);
			mainGroup = FA3D5B5123DA5DEA00F8E2C7;
			productRefGroup = FA3D5B5B23DA5DEA00F8E2C7 /* Products */;
			projectDirPath = "";
			projectRoot = "";
			targets = (
				FA3D5B5923DA5DEA00F8E2C7 /* Flixster */,
				FA3D5B6F23DA5DED00F8E2C7 /* FlixsterTests */,
				FA3D5B7A23DA5DED00F8E2C7 /* FlixsterUITests */,
			);
		};
/* End PBXProject section */

/* Begin PBXResourcesBuildPhase section */
		FA3D5B5823DA5DEA00F8E2C7 /* Resources */ = {
			isa = PBXResourcesBuildPhase;
			buildActionMask = 2147483647;
			files = (
				FA3D5B6A23DA5DEC00F8E2C7 /* LaunchScreen.storyboard in Resources */,
				FA3D5B6723DA5DEC00F8E2C7 /* Assets.xcassets in Resources */,
				FA3D5B6523DA5DEA00F8E2C7 /* Main.storyboard in Resources */,
			);
			runOnlyForDeploymentPostprocessing = 0;
		};
		FA3D5B6E23DA5DED00F8E2C7 /* Resources */ = {
			isa = PBXResourcesBuildPhase;
			buildActionMask = 2147483647;
			files = (
			);
			runOnlyForDeploymentPostprocessing = 0;
		};
		FA3D5B7923DA5DED00F8E2C7 /* Resources */ = {
			isa = PBXResourcesBuildPhase;
			buildActionMask = 2147483647;
			files = (
			);
			runOnlyForDeploymentPostprocessing = 0;
		};
/* End PBXResourcesBuildPhase section */

/* Begin PBXShellScriptBuildPhase section */
		464BCEDC0B8256E9615AD9C7 /* [CP] Embed Pods Frameworks */ = {
			isa = PBXShellScriptBuildPhase;
			buildActionMask = 2147483647;
			files = (
			);
			inputFileListPaths = (
				"${PODS_ROOT}/Target Support Files/Pods-Flixster-FlixsterUITests/Pods-Flixster-FlixsterUITests-frameworks-${CONFIGURATION}-input-files.xcfilelist",
			);
			name = "[CP] Embed Pods Frameworks";
			outputFileListPaths = (
				"${PODS_ROOT}/Target Support Files/Pods-Flixster-FlixsterUITests/Pods-Flixster-FlixsterUITests-frameworks-${CONFIGURATION}-output-files.xcfilelist",
			);
			runOnlyForDeploymentPostprocessing = 0;
			shellPath = /bin/sh;
			shellScript = "\"${PODS_ROOT}/Target Support Files/Pods-Flixster-FlixsterUITests/Pods-Flixster-FlixsterUITests-frameworks.sh\"\n";
			showEnvVarsInLog = 0;
		};
		532B12DB314FF221A7C5460A /* [CP] Check Pods Manifest.lock */ = {
			isa = PBXShellScriptBuildPhase;
			buildActionMask = 2147483647;
			files = (
			);
			inputFileListPaths = (
			);
			inputPaths = (
				"${PODS_PODFILE_DIR_PATH}/Podfile.lock",
				"${PODS_ROOT}/Manifest.lock",
			);
			name = "[CP] Check Pods Manifest.lock";
			outputFileListPaths = (
			);
			outputPaths = (
				"$(DERIVED_FILE_DIR)/Pods-Flixster-checkManifestLockResult.txt",
			);
			runOnlyForDeploymentPostprocessing = 0;
			shellPath = /bin/sh;
			shellScript = "diff \"${PODS_PODFILE_DIR_PATH}/Podfile.lock\" \"${PODS_ROOT}/Manifest.lock\" > /dev/null\nif [ $? != 0 ] ; then\n    # print error to STDERR\n    echo \"error: The sandbox is not in sync with the Podfile.lock. Run 'pod install' or update your CocoaPods installation.\" >&2\n    exit 1\nfi\n# This output is used by Xcode 'outputs' to avoid re-running this script phase.\necho \"SUCCESS\" > \"${SCRIPT_OUTPUT_FILE_0}\"\n";
			showEnvVarsInLog = 0;
		};
		74D3A36435B7BDC0E356AFCF /* [CP] Embed Pods Frameworks */ = {
			isa = PBXShellScriptBuildPhase;
			buildActionMask = 2147483647;
			files = (
			);
			inputFileListPaths = (
				"${PODS_ROOT}/Target Support Files/Pods-Flixster/Pods-Flixster-frameworks-${CONFIGURATION}-input-files.xcfilelist",
			);
			name = "[CP] Embed Pods Frameworks";
			outputFileListPaths = (
				"${PODS_ROOT}/Target Support Files/Pods-Flixster/Pods-Flixster-frameworks-${CONFIGURATION}-output-files.xcfilelist",
			);
			runOnlyForDeploymentPostprocessing = 0;
			shellPath = /bin/sh;
			shellScript = "\"${PODS_ROOT}/Target Support Files/Pods-Flixster/Pods-Flixster-frameworks.sh\"\n";
			showEnvVarsInLog = 0;
		};
		82766EE1B623261FB582B05E /* [CP] Check Pods Manifest.lock */ = {
			isa = PBXShellScriptBuildPhase;
			buildActionMask = 2147483647;
			files = (
			);
			inputFileListPaths = (
			);
			inputPaths = (
				"${PODS_PODFILE_DIR_PATH}/Podfile.lock",
				"${PODS_ROOT}/Manifest.lock",
			);
			name = "[CP] Check Pods Manifest.lock";
			outputFileListPaths = (
			);
			outputPaths = (
				"$(DERIVED_FILE_DIR)/Pods-Flixster-FlixsterUITests-checkManifestLockResult.txt",
			);
			runOnlyForDeploymentPostprocessing = 0;
			shellPath = /bin/sh;
			shellScript = "diff \"${PODS_PODFILE_DIR_PATH}/Podfile.lock\" \"${PODS_ROOT}/Manifest.lock\" > /dev/null\nif [ $? != 0 ] ; then\n    # print error to STDERR\n    echo \"error: The sandbox is not in sync with the Podfile.lock. Run 'pod install' or update your CocoaPods installation.\" >&2\n    exit 1\nfi\n# This output is used by Xcode 'outputs' to avoid re-running this script phase.\necho \"SUCCESS\" > \"${SCRIPT_OUTPUT_FILE_0}\"\n";
			showEnvVarsInLog = 0;
		};
		8758BF7C337A9CA5E596A52A /* [CP] Check Pods Manifest.lock */ = {
			isa = PBXShellScriptBuildPhase;
			buildActionMask = 2147483647;
			files = (
			);
			inputFileListPaths = (
			);
			inputPaths = (
				"${PODS_PODFILE_DIR_PATH}/Podfile.lock",
				"${PODS_ROOT}/Manifest.lock",
			);
			name = "[CP] Check Pods Manifest.lock";
			outputFileListPaths = (
			);
			outputPaths = (
				"$(DERIVED_FILE_DIR)/Pods-FlixsterTests-checkManifestLockResult.txt",
			);
			runOnlyForDeploymentPostprocessing = 0;
			shellPath = /bin/sh;
			shellScript = "diff \"${PODS_PODFILE_DIR_PATH}/Podfile.lock\" \"${PODS_ROOT}/Manifest.lock\" > /dev/null\nif [ $? != 0 ] ; then\n    # print error to STDERR\n    echo \"error: The sandbox is not in sync with the Podfile.lock. Run 'pod install' or update your CocoaPods installation.\" >&2\n    exit 1\nfi\n# This output is used by Xcode 'outputs' to avoid re-running this script phase.\necho \"SUCCESS\" > \"${SCRIPT_OUTPUT_FILE_0}\"\n";
			showEnvVarsInLog = 0;
		};
/* End PBXShellScriptBuildPhase section */

/* Begin PBXSourcesBuildPhase section */
		FA3D5B5623DA5DEA00F8E2C7 /* Sources */ = {
			isa = PBXSourcesBuildPhase;
			buildActionMask = 2147483647;
			files = (
				FA3D5B5E23DA5DEA00F8E2C7 /* AppDelegate.swift in Sources */,
				FA3D5B6023DA5DEA00F8E2C7 /* SceneDelegate.swift in Sources */,
				FA3D5BCE23DE933100F8E2C7 /* MovieCell.swift in Sources */,
				FA3D5BCC23DE847900F8E2C7 /* MoviesViewController.swift in Sources */,
			);
			runOnlyForDeploymentPostprocessing = 0;
		};
		FA3D5B6C23DA5DED00F8E2C7 /* Sources */ = {
			isa = PBXSourcesBuildPhase;
			buildActionMask = 2147483647;
			files = (
				FA3D5B7523DA5DED00F8E2C7 /* FlixsterTests.swift in Sources */,
			);
			runOnlyForDeploymentPostprocessing = 0;
		};
		FA3D5B7723DA5DED00F8E2C7 /* Sources */ = {
			isa = PBXSourcesBuildPhase;
			buildActionMask = 2147483647;
			files = (
				FA3D5B8023DA5DED00F8E2C7 /* FlixsterUITests.swift in Sources */,
			);
			runOnlyForDeploymentPostprocessing = 0;
		};
/* End PBXSourcesBuildPhase section */

/* Begin PBXTargetDependency section */
		FA3D5B7223DA5DED00F8E2C7 /* PBXTargetDependency */ = {
			isa = PBXTargetDependency;
			target = FA3D5B5923DA5DEA00F8E2C7 /* Flixster */;
			targetProxy = FA3D5B7123DA5DED00F8E2C7 /* PBXContainerItemProxy */;
		};
		FA3D5B7D23DA5DED00F8E2C7 /* PBXTargetDependency */ = {
			isa = PBXTargetDependency;
			target = FA3D5B5923DA5DEA00F8E2C7 /* Flixster */;
			targetProxy = FA3D5B7C23DA5DED00F8E2C7 /* PBXContainerItemProxy */;
		};
/* End PBXTargetDependency section */

/* Begin PBXVariantGroup section */
		FA3D5B6323DA5DEA00F8E2C7 /* Main.storyboard */ = {
			isa = PBXVariantGroup;
			children = (
				FA3D5B6423DA5DEA00F8E2C7 /* Base */,
			);
			name = Main.storyboard;
			sourceTree = "<group>";
		};
		FA3D5B6823DA5DEC00F8E2C7 /* LaunchScreen.storyboard */ = {
			isa = PBXVariantGroup;
			children = (
				FA3D5B6923DA5DEC00F8E2C7 /* Base */,
			);
			name = LaunchScreen.storyboard;
			sourceTree = "<group>";
		};
/* End PBXVariantGroup section */

/* Begin XCBuildConfiguration section */
		FA3D5B8223DA5DED00F8E2C7 /* Debug */ = {
			isa = XCBuildConfiguration;
			buildSettings = {
				ALWAYS_SEARCH_USER_PATHS = NO;
				CLANG_ANALYZER_NONNULL = YES;
				CLANG_ANALYZER_NUMBER_OBJECT_CONVERSION = YES_AGGRESSIVE;
				CLANG_CXX_LANGUAGE_STANDARD = "gnu++14";
				CLANG_CXX_LIBRARY = "libc++";
				CLANG_ENABLE_MODULES = YES;
				CLANG_ENABLE_OBJC_ARC = YES;
				CLANG_ENABLE_OBJC_WEAK = YES;
				CLANG_WARN_BLOCK_CAPTURE_AUTORELEASING = YES;
				CLANG_WARN_BOOL_CONVERSION = YES;
				CLANG_WARN_COMMA = YES;
				CLANG_WARN_CONSTANT_CONVERSION = YES;
				CLANG_WARN_DEPRECATED_OBJC_IMPLEMENTATIONS = YES;
				CLANG_WARN_DIRECT_OBJC_ISA_USAGE = YES_ERROR;
				CLANG_WARN_DOCUMENTATION_COMMENTS = YES;
				CLANG_WARN_EMPTY_BODY = YES;
				CLANG_WARN_ENUM_CONVERSION = YES;
				CLANG_WARN_INFINITE_RECURSION = YES;
				CLANG_WARN_INT_CONVERSION = YES;
				CLANG_WARN_NON_LITERAL_NULL_CONVERSION = YES;
				CLANG_WARN_OBJC_IMPLICIT_RETAIN_SELF = YES;
				CLANG_WARN_OBJC_LITERAL_CONVERSION = YES;
				CLANG_WARN_OBJC_ROOT_CLASS = YES_ERROR;
				CLANG_WARN_RANGE_LOOP_ANALYSIS = YES;
				CLANG_WARN_STRICT_PROTOTYPES = YES;
				CLANG_WARN_SUSPICIOUS_MOVE = YES;
				CLANG_WARN_UNGUARDED_AVAILABILITY = YES_AGGRESSIVE;
				CLANG_WARN_UNREACHABLE_CODE = YES;
				CLANG_WARN__DUPLICATE_METHOD_MATCH = YES;
				COPY_PHASE_STRIP = NO;
				DEBUG_INFORMATION_FORMAT = dwarf;
				ENABLE_STRICT_OBJC_MSGSEND = YES;
				ENABLE_TESTABILITY = YES;
				GCC_C_LANGUAGE_STANDARD = gnu11;
				GCC_DYNAMIC_NO_PIC = NO;
				GCC_NO_COMMON_BLOCKS = YES;
				GCC_OPTIMIZATION_LEVEL = 0;
				GCC_PREPROCESSOR_DEFINITIONS = (
					"DEBUG=1",
					"$(inherited)",
				);
				GCC_WARN_64_TO_32_BIT_CONVERSION = YES;
				GCC_WARN_ABOUT_RETURN_TYPE = YES_ERROR;
				GCC_WARN_UNDECLARED_SELECTOR = YES;
				GCC_WARN_UNINITIALIZED_AUTOS = YES_AGGRESSIVE;
				GCC_WARN_UNUSED_FUNCTION = YES;
				GCC_WARN_UNUSED_VARIABLE = YES;
				IPHONEOS_DEPLOYMENT_TARGET = 13.2;
				MTL_ENABLE_DEBUG_INFO = INCLUDE_SOURCE;
				MTL_FAST_MATH = YES;
				ONLY_ACTIVE_ARCH = YES;
				SDKROOT = iphoneos;
				SWIFT_ACTIVE_COMPILATION_CONDITIONS = DEBUG;
				SWIFT_OPTIMIZATION_LEVEL = "-Onone";
			};
			name = Debug;
		};
		FA3D5B8323DA5DED00F8E2C7 /* Release */ = {
			isa = XCBuildConfiguration;
			buildSettings = {
				ALWAYS_SEARCH_USER_PATHS = NO;
				CLANG_ANALYZER_NONNULL = YES;
				CLANG_ANALYZER_NUMBER_OBJECT_CONVERSION = YES_AGGRESSIVE;
				CLANG_CXX_LANGUAGE_STANDARD = "gnu++14";
				CLANG_CXX_LIBRARY = "libc++";
				CLANG_ENABLE_MODULES = YES;
				CLANG_ENABLE_OBJC_ARC = YES;
				CLANG_ENABLE_OBJC_WEAK = YES;
				CLANG_WARN_BLOCK_CAPTURE_AUTORELEASING = YES;
				CLANG_WARN_BOOL_CONVERSION = YES;
				CLANG_WARN_COMMA = YES;
				CLANG_WARN_CONSTANT_CONVERSION = YES;
				CLANG_WARN_DEPRECATED_OBJC_IMPLEMENTATIONS = YES;
				CLANG_WARN_DIRECT_OBJC_ISA_USAGE = YES_ERROR;
				CLANG_WARN_DOCUMENTATION_COMMENTS = YES;
				CLANG_WARN_EMPTY_BODY = YES;
				CLANG_WARN_ENUM_CONVERSION = YES;
				CLANG_WARN_INFINITE_RECURSION = YES;
				CLANG_WARN_INT_CONVERSION = YES;
				CLANG_WARN_NON_LITERAL_NULL_CONVERSION = YES;
				CLANG_WARN_OBJC_IMPLICIT_RETAIN_SELF = YES;
				CLANG_WARN_OBJC_LITERAL_CONVERSION = YES;
				CLANG_WARN_OBJC_ROOT_CLASS = YES_ERROR;
				CLANG_WARN_RANGE_LOOP_ANALYSIS = YES;
				CLANG_WARN_STRICT_PROTOTYPES = YES;
				CLANG_WARN_SUSPICIOUS_MOVE = YES;
				CLANG_WARN_UNGUARDED_AVAILABILITY = YES_AGGRESSIVE;
				CLANG_WARN_UNREACHABLE_CODE = YES;
				CLANG_WARN__DUPLICATE_METHOD_MATCH = YES;
				COPY_PHASE_STRIP = NO;
				DEBUG_INFORMATION_FORMAT = "dwarf-with-dsym";
				ENABLE_NS_ASSERTIONS = NO;
				ENABLE_STRICT_OBJC_MSGSEND = YES;
				GCC_C_LANGUAGE_STANDARD = gnu11;
				GCC_NO_COMMON_BLOCKS = YES;
				GCC_WARN_64_TO_32_BIT_CONVERSION = YES;
				GCC_WARN_ABOUT_RETURN_TYPE = YES_ERROR;
				GCC_WARN_UNDECLARED_SELECTOR = YES;
				GCC_WARN_UNINITIALIZED_AUTOS = YES_AGGRESSIVE;
				GCC_WARN_UNUSED_FUNCTION = YES;
				GCC_WARN_UNUSED_VARIABLE = YES;
				IPHONEOS_DEPLOYMENT_TARGET = 13.2;
				MTL_ENABLE_DEBUG_INFO = NO;
				MTL_FAST_MATH = YES;
				SDKROOT = iphoneos;
				SWIFT_COMPILATION_MODE = wholemodule;
				SWIFT_OPTIMIZATION_LEVEL = "-O";
				VALIDATE_PRODUCT = YES;
			};
			name = Release;
		};
		FA3D5B8523DA5DED00F8E2C7 /* Debug */ = {
			isa = XCBuildConfiguration;
			baseConfigurationReference = 140E8A0CAB86FA19DE51624D /* Pods-Flixster.debug.xcconfig */;
			buildSettings = {
				ASSETCATALOG_COMPILER_APPICON_NAME = AppIcon;
				CODE_SIGN_STYLE = Automatic;
				DEVELOPMENT_TEAM = VA5KG46Z2W;
				INFOPLIST_FILE = Flixster/Info.plist;
				LD_RUNPATH_SEARCH_PATHS = (
					"$(inherited)",
					"@executable_path/Frameworks",
				);
				PRODUCT_BUNDLE_IDENTIFIER = NA.Flixster;
				PRODUCT_NAME = "$(TARGET_NAME)";
				SWIFT_VERSION = 5.0;
				TARGETED_DEVICE_FAMILY = "1,2";
			};
			name = Debug;
		};
		FA3D5B8623DA5DED00F8E2C7 /* Release */ = {
			isa = XCBuildConfiguration;
			baseConfigurationReference = EF1DD412E9D6A42532CC6A63 /* Pods-Flixster.release.xcconfig */;
			buildSettings = {
				ASSETCATALOG_COMPILER_APPICON_NAME = AppIcon;
				CODE_SIGN_STYLE = Automatic;
				DEVELOPMENT_TEAM = VA5KG46Z2W;
				INFOPLIST_FILE = Flixster/Info.plist;
				LD_RUNPATH_SEARCH_PATHS = (
					"$(inherited)",
					"@executable_path/Frameworks",
				);
				PRODUCT_BUNDLE_IDENTIFIER = NA.Flixster;
				PRODUCT_NAME = "$(TARGET_NAME)";
				SWIFT_VERSION = 5.0;
				TARGETED_DEVICE_FAMILY = "1,2";
			};
			name = Release;
		};
		FA3D5B8823DA5DED00F8E2C7 /* Debug */ = {
			isa = XCBuildConfiguration;
			baseConfigurationReference = 80D09BCCBC62D13D95E69BB8 /* Pods-FlixsterTests.debug.xcconfig */;
			buildSettings = {
				ALWAYS_EMBED_SWIFT_STANDARD_LIBRARIES = YES;
				BUNDLE_LOADER = "$(TEST_HOST)";
				CODE_SIGN_STYLE = Automatic;
				DEVELOPMENT_TEAM = VA5KG46Z2W;
				INFOPLIST_FILE = FlixsterTests/Info.plist;
				IPHONEOS_DEPLOYMENT_TARGET = 13.2;
				LD_RUNPATH_SEARCH_PATHS = (
					"$(inherited)",
					"@executable_path/Frameworks",
					"@loader_path/Frameworks",
				);
				PRODUCT_BUNDLE_IDENTIFIER = NA.FlixsterTests;
				PRODUCT_NAME = "$(TARGET_NAME)";
				SWIFT_VERSION = 5.0;
				TARGETED_DEVICE_FAMILY = "1,2";
				TEST_HOST = "$(BUILT_PRODUCTS_DIR)/Flixster.app/Flixster";
			};
			name = Debug;
		};
		FA3D5B8923DA5DED00F8E2C7 /* Release */ = {
			isa = XCBuildConfiguration;
			baseConfigurationReference = 3772D67D833AD735D3461AF8 /* Pods-FlixsterTests.release.xcconfig */;
			buildSettings = {
				ALWAYS_EMBED_SWIFT_STANDARD_LIBRARIES = YES;
				BUNDLE_LOADER = "$(TEST_HOST)";
				CODE_SIGN_STYLE = Automatic;
				DEVELOPMENT_TEAM = VA5KG46Z2W;
				INFOPLIST_FILE = FlixsterTests/Info.plist;
				IPHONEOS_DEPLOYMENT_TARGET = 13.2;
				LD_RUNPATH_SEARCH_PATHS = (
					"$(inherited)",
					"@executable_path/Frameworks",
					"@loader_path/Frameworks",
				);
				PRODUCT_BUNDLE_IDENTIFIER = NA.FlixsterTests;
				PRODUCT_NAME = "$(TARGET_NAME)";
				SWIFT_VERSION = 5.0;
				TARGETED_DEVICE_FAMILY = "1,2";
				TEST_HOST = "$(BUILT_PRODUCTS_DIR)/Flixster.app/Flixster";
			};
			name = Release;
		};
		FA3D5B8B23DA5DED00F8E2C7 /* Debug */ = {
			isa = XCBuildConfiguration;
			baseConfigurationReference = 3954CA990937E22CEFD2DBDF /* Pods-Flixster-FlixsterUITests.debug.xcconfig */;
			buildSettings = {
				ALWAYS_EMBED_SWIFT_STANDARD_LIBRARIES = YES;
				CODE_SIGN_STYLE = Automatic;
				DEVELOPMENT_TEAM = VA5KG46Z2W;
				INFOPLIST_FILE = FlixsterUITests/Info.plist;
				LD_RUNPATH_SEARCH_PATHS = (
					"$(inherited)",
					"@executable_path/Frameworks",
					"@loader_path/Frameworks",
				);
				PRODUCT_BUNDLE_IDENTIFIER = NA.FlixsterUITests;
				PRODUCT_NAME = "$(TARGET_NAME)";
				SWIFT_VERSION = 5.0;
				TARGETED_DEVICE_FAMILY = "1,2";
				TEST_TARGET_NAME = Flixster;
			};
			name = Debug;
		};
		FA3D5B8C23DA5DED00F8E2C7 /* Release */ = {
			isa = XCBuildConfiguration;
			baseConfigurationReference = 7BE7B66A76933EAE9CFB2759 /* Pods-Flixster-FlixsterUITests.release.xcconfig */;
			buildSettings = {
				ALWAYS_EMBED_SWIFT_STANDARD_LIBRARIES = YES;
				CODE_SIGN_STYLE = Automatic;
				DEVELOPMENT_TEAM = VA5KG46Z2W;
				INFOPLIST_FILE = FlixsterUITests/Info.plist;
				LD_RUNPATH_SEARCH_PATHS = (
					"$(inherited)",
					"@executable_path/Frameworks",
					"@loader_path/Frameworks",
				);
				PRODUCT_BUNDLE_IDENTIFIER = NA.FlixsterUITests;
				PRODUCT_NAME = "$(TARGET_NAME)";
				SWIFT_VERSION = 5.0;
				TARGETED_DEVICE_FAMILY = "1,2";
				TEST_TARGET_NAME = Flixster;
			};
			name = Release;
		};
/* End XCBuildConfiguration section */

/* Begin XCConfigurationList section */
		FA3D5B5523DA5DEA00F8E2C7 /* Build configuration list for PBXProject "Flixster" */ = {
			isa = XCConfigurationList;
			buildConfigurations = (
				FA3D5B8223DA5DED00F8E2C7 /* Debug */,
				FA3D5B8323DA5DED00F8E2C7 /* Release */,
			);
			defaultConfigurationIsVisible = 0;
			defaultConfigurationName = Release;
		};
		FA3D5B8423DA5DED00F8E2C7 /* Build configuration list for PBXNativeTarget "Flixster" */ = {
			isa = XCConfigurationList;
			buildConfigurations = (
				FA3D5B8523DA5DED00F8E2C7 /* Debug */,
				FA3D5B8623DA5DED00F8E2C7 /* Release */,
			);
			defaultConfigurationIsVisible = 0;
			defaultConfigurationName = Release;
		};
		FA3D5B8723DA5DED00F8E2C7 /* Build configuration list for PBXNativeTarget "FlixsterTests" */ = {
			isa = XCConfigurationList;
			buildConfigurations = (
				FA3D5B8823DA5DED00F8E2C7 /* Debug */,
				FA3D5B8923DA5DED00F8E2C7 /* Release */,
			);
			defaultConfigurationIsVisible = 0;
			defaultConfigurationName = Release;
		};
		FA3D5B8A23DA5DED00F8E2C7 /* Build configuration list for PBXNativeTarget "FlixsterUITests" */ = {
			isa = XCConfigurationList;
			buildConfigurations = (
				FA3D5B8B23DA5DED00F8E2C7 /* Debug */,
				FA3D5B8C23DA5DED00F8E2C7 /* Release */,
			);
			defaultConfigurationIsVisible = 0;
			defaultConfigurationName = Release;
		};
/* End XCConfigurationList section */
	};
	rootObject = FA3D5B5223DA5DEA00F8E2C7 /* Project object */;
}
